
Microsoft Visual Studio Solution File, Format Version 12.00
# Visual Studio Version 17
VisualStudioVersion = 17.8.34322.80
MinimumVisualStudioVersion = 10.0.40219.1
Project("{FAE04EC0-301F-11D3-BF4B-00C04F79EFBC}") = "PrismExample", "PrismExample\PrismExample.csproj", "{EC94B850-4017-4D20-8BF3-7047340F1298}"
EndProject
Global
	GlobalSection(SolutionConfigurationPlatforms) = preSolution
		Debug|Any CPU = Debug|Any CPU
		Release|Any CPU = Release|Any CPU
	EndGlobalSection
	GlobalSection(ProjectConfigurationPlatforms) = postSolution
		{EC94B850-4017-4D20-8BF3-7047340F1298}.Debug|Any CPU.ActiveCfg = Debug|Any CPU
		{EC94B850-4017-4D20-8BF3-7047340F1298}.Debug|Any CPU.Build.0 = Debug|Any CPU
		{EC94B850-4017-4D20-8BF3-7047340F1298}.Release|Any CPU.ActiveCfg = Release|Any CPU
		{EC94B850-4017-4D20-8BF3-7047340F1298}.Release|Any CPU.Build.0 = Release|Any CPU
	EndGlobalSection
	GlobalSection(SolutionProperties) = preSolution
		HideSolutionNode = FALSE
	EndGlobalSection
	GlobalSection(ExtensibilityGlobals) = postSolution
		SolutionGuid = {E4D36B02-3D58-4545-A03D-44768106AAEC}
	EndGlobalSection
EndGlobal
